
Microsoft Visual Studio Solution File, Format Version 12.00
# Visual Studio Version 17
VisualStudioVersion = 17.9.34728.123
MinimumVisualStudioVersion = 10.0.40219.1
Project("{888888A0-9F3D-457C-B088-3A5042F75D52}") = "Digital Clock", "Digital Clock.pyproj", "{3F193D3E-ED77-47CE-98C0-8CA6AD4296BD}"
EndProject
Global
	GlobalSection(SolutionConfigurationPlatforms) = preSolution
		Debug|Any CPU = Debug|Any CPU
		Release|Any CPU = Release|Any CPU
	EndGlobalSection
	GlobalSection(ProjectConfigurationPlatforms) = postSolution
		{3F193D3E-ED77-47CE-98C0-8CA6AD4296BD}.Debug|Any CPU.ActiveCfg = Debug|Any CPU
		{3F193D3E-ED77-47CE-98C0-8CA6AD4296BD}.Release|Any CPU.ActiveCfg = Release|Any CPU
	EndGlobalSection
	GlobalSection(SolutionProperties) = preSolution
		HideSolutionNode = FALSE
	EndGlobalSection
	GlobalSection(ExtensibilityGlobals) = postSolution
		SolutionGuid = {F5157CCA-C220-4ACA-A2CC-D3FD6F1C3CFC}
	EndGlobalSection
EndGlobal
